
Microsoft Visual Studio Solution File, Format Version 12.00
Project("{FAE04EC0-301F-11D3-BF4B-00C04F79EFBC}") = "Custom096", "Custom096\Custom096.csproj", "{252B5CAC-CC08-4DED-BC22-45B4E3D4A737}"
EndProject
Global
	GlobalSection(SolutionConfigurationPlatforms) = preSolution
		Debug|Any CPU = Debug|Any CPU
		Release|Any CPU = Release|Any CPU
	EndGlobalSection
	GlobalSection(ProjectConfigurationPlatforms) = postSolution
		{252B5CAC-CC08-4DED-BC22-45B4E3D4A737}.Debug|Any CPU.ActiveCfg = Debug|Any CPU
		{252B5CAC-CC08-4DED-BC22-45B4E3D4A737}.Debug|Any CPU.Build.0 = Debug|Any CPU
		{252B5CAC-CC08-4DED-BC22-45B4E3D4A737}.Release|Any CPU.ActiveCfg = Release|Any CPU
		{252B5CAC-CC08-4DED-BC22-45B4E3D4A737}.Release|Any CPU.Build.0 = Release|Any CPU
	EndGlobalSection
EndGlobal
